
Microsoft Visual Studio Solution File, Format Version 12.00
# Visual Studio Version 17
VisualStudioVersion = 17.8.34330.188
MinimumVisualStudioVersion = 10.0.40219.1
Project("{9A19103F-16F7-4668-BE54-9A1E7A4F7556}") = "EssentialTypesAndConcepts", "EssentialTypesAndConcepts\EssentialTypesAndConcepts.csproj", "{09576A41-BD40-4897-B26A-4B056B62EE09}"
EndProject
Global
	GlobalSection(SolutionConfigurationPlatforms) = preSolution
		Debug|Any CPU = Debug|Any CPU
		Release|Any CPU = Release|Any CPU
	EndGlobalSection
	GlobalSection(ProjectConfigurationPlatforms) = postSolution
		{09576A41-BD40-4897-B26A-4B056B62EE09}.Debug|Any CPU.ActiveCfg = Debug|Any CPU
		{09576A41-BD40-4897-B26A-4B056B62EE09}.Debug|Any CPU.Build.0 = Debug|Any CPU
		{09576A41-BD40-4897-B26A-4B056B62EE09}.Release|Any CPU.ActiveCfg = Release|Any CPU
		{09576A41-BD40-4897-B26A-4B056B62EE09}.Release|Any CPU.Build.0 = Release|Any CPU
	EndGlobalSection
	GlobalSection(SolutionProperties) = preSolution
		HideSolutionNode = FALSE
	EndGlobalSection
	GlobalSection(ExtensibilityGlobals) = postSolution
		SolutionGuid = {9CBDFF1D-5AED-4AB5-B4B6-F2575073C4AB}
	EndGlobalSection
EndGlobal
